
Microsoft Visual Studio Solution File, Format Version 12.00
# Visual Studio Version 17
VisualStudioVersion = 17.8.34525.116
MinimumVisualStudioVersion = 10.0.40219.1
Project("{9A19103F-16F7-4668-BE54-9A1E7A4F7556}") = "Portforlio_for_me", "Portforlio_for_me.csproj", "{D844F5BA-B458-4ED6-9160-B129475DCDCA}"
EndProject
Global
	GlobalSection(SolutionConfigurationPlatforms) = preSolution
		Debug|Any CPU = Debug|Any CPU
		Release|Any CPU = Release|Any CPU
	EndGlobalSection
	GlobalSection(ProjectConfigurationPlatforms) = postSolution
		{D844F5BA-B458-4ED6-9160-B129475DCDCA}.Debug|Any CPU.ActiveCfg = Debug|Any CPU
		{D844F5BA-B458-4ED6-9160-B129475DCDCA}.Debug|Any CPU.Build.0 = Debug|Any CPU
		{D844F5BA-B458-4ED6-9160-B129475DCDCA}.Release|Any CPU.ActiveCfg = Release|Any CPU
		{D844F5BA-B458-4ED6-9160-B129475DCDCA}.Release|Any CPU.Build.0 = Release|Any CPU
	EndGlobalSection
	GlobalSection(SolutionProperties) = preSolution
		HideSolutionNode = FALSE
	EndGlobalSection
	GlobalSection(ExtensibilityGlobals) = postSolution
		SolutionGuid = {0934FA84-49D5-463E-BD17-8BE25F8936AD}
	EndGlobalSection
EndGlobal
